{
  "name": "moonlink.js-lyrics",
  "version": "1.0.0",
  "lockfileVersion": 3,
  "requires": true,
  "packages": {
    "": {
      "name": "moonlink.js-lyrics",
      "version": "1.0.0",
      "license": "Apache-2.0",
      "dependencies": {
        "moonlink.js": "github:Ecliptia/moonlink.js"
      }
    },
    "node_modules/moonlink.js": {
      "version": "3.0.4",
      "resolved": "git+ssh://git@github.com/Ecliptia/moonlink.js.git#23ff711c5518d3bc3f191995bad90ca9c80f6b28",
      "license": "Apache-2.0",
      "engines": {
        "node": ">=16.6.0"
      }
    }
  }
}
